// !$*UTF8*$!
{
	archiveVersion = 1;
	classes = {
	};
	objectVersion = 56;
	objects = {

/* Begin PBXBuildFile section */
		56ECC8002A8E16440005405D /* OpenWeatherAppApp.swift in Sources */ = {isa = PBXBuildFile; fileRef = 56ECC7FF2A8E16440005405D /* OpenWeatherAppApp.swift */; };
		56ECC8022A8E16440005405D /* WeatherView.swift in Sources */ = {isa = PBXBuildFile; fileRef = 56ECC8012A8E16440005405D /* WeatherView.swift */; };
		56ECC8042A8E16450005405D /* Assets.xcassets in Resources */ = {isa = PBXBuildFile; fileRef = 56ECC8032A8E16450005405D /* Assets.xcassets */; };
		56ECC8072A8E16450005405D /* Preview Assets.xcassets in Resources */ = {isa = PBXBuildFile; fileRef = 56ECC8062A8E16450005405D /* Preview Assets.xcassets */; };
		56ECC81A2A8FE3510005405D /* Weather.swift in Sources */ = {isa = PBXBuildFile; fileRef = 56ECC8192A8FE3510005405D /* Weather.swift */; };
		56ECC81C2A8FE3770005405D /* Wind.swift in Sources */ = {isa = PBXBuildFile; fileRef = 56ECC81B2A8FE3770005405D /* Wind.swift */; };
		56ECC81E2A8FE3830005405D /* Main.swift in Sources */ = {isa = PBXBuildFile; fileRef = 56ECC81D2A8FE3830005405D /* Main.swift */; };
		56ECC8202A8FE3F70005405D /* Forecast.swift in Sources */ = {isa = PBXBuildFile; fileRef = 56ECC81F2A8FE3F70005405D /* Forecast.swift */; };
		56ECC8242A8FE5C70005405D /* ForecastViewModel.swift in Sources */ = {isa = PBXBuildFile; fileRef = 56ECC8232A8FE5C70005405D /* ForecastViewModel.swift */; };
		56ECC8262A9012310005405D /* Units.swift in Sources */ = {isa = PBXBuildFile; fileRef = 56ECC8252A9012310005405D /* Units.swift */; };
		56ECC8282A90CDB60005405D /* Sys.swift in Sources */ = {isa = PBXBuildFile; fileRef = 56ECC8272A90CDB60005405D /* Sys.swift */; };
/* End PBXBuildFile section */

/* Begin PBXFileReference section */
		56ECC7FC2A8E16440005405D /* Weather.app */ = {isa = PBXFileReference; explicitFileType = wrapper.application; includeInIndex = 0; path = Weather.app; sourceTree = BUILT_PRODUCTS_DIR; };
		56ECC7FF2A8E16440005405D /* OpenWeatherAppApp.swift */ = {isa = PBXFileReference; lastKnownFileType = sourcecode.swift; path = OpenWeatherAppApp.swift; sourceTree = "<group>"; };
		56ECC8012A8E16440005405D /* WeatherView.swift */ = {isa = PBXFileReference; lastKnownFileType = sourcecode.swift; path = WeatherView.swift; sourceTree = "<group>"; };
		56ECC8032A8E16450005405D /* Assets.xcassets */ = {isa = PBXFileReference; lastKnownFileType = folder.assetcatalog; path = Assets.xcassets; sourceTree = "<group>"; };
		56ECC8062A8E16450005405D /* Preview Assets.xcassets */ = {isa = PBXFileReference; lastKnownFileType = folder.assetcatalog; path = "Preview Assets.xcassets"; sourceTree = "<group>"; };
		56ECC8192A8FE3510005405D /* Weather.swift */ = {isa = PBXFileReference; lastKnownFileType = sourcecode.swift; path = Weather.swift; sourceTree = "<group>"; };
		56ECC81B2A8FE3770005405D /* Wind.swift */ = {isa = PBXFileReference; lastKnownFileType = sourcecode.swift; path = Wind.swift; sourceTree = "<group>"; };
		56ECC81D2A8FE3830005405D /* Main.swift */ = {isa = PBXFileReference; lastKnownFileType = sourcecode.swift; path = Main.swift; sourceTree = "<group>"; };
		56ECC81F2A8FE3F70005405D /* Forecast.swift */ = {isa = PBXFileReference; lastKnownFileType = sourcecode.swift; path = Forecast.swift; sourceTree = "<group>"; };
		56ECC8232A8FE5C70005405D /* ForecastViewModel.swift */ = {isa = PBXFileReference; lastKnownFileType = sourcecode.swift; path = ForecastViewModel.swift; sourceTree = "<group>"; };
		56ECC8252A9012310005405D /* Units.swift */ = {isa = PBXFileReference; lastKnownFileType = sourcecode.swift; path = Units.swift; sourceTree = "<group>"; };
		56ECC8272A90CDB60005405D /* Sys.swift */ = {isa = PBXFileReference; lastKnownFileType = sourcecode.swift; path = Sys.swift; sourceTree = "<group>"; };
/* End PBXFileReference section */

/* Begin PBXFrameworksBuildPhase section */
		56ECC7F92A8E16440005405D /* Frameworks */ = {
			isa = PBXFrameworksBuildPhase;
			buildActionMask = 2147483647;
			files = (
			);
			runOnlyForDeploymentPostprocessing = 0;
		};
/* End PBXFrameworksBuildPhase section */

/* Begin PBXGroup section */
		56ECC7F32A8E16440005405D = {
			isa = PBXGroup;
			children = (
				56ECC7FE2A8E16440005405D /* OpenWeatherApp */,
				56ECC7FD2A8E16440005405D /* Products */,
			);
			sourceTree = "<group>";
		};
		56ECC7FD2A8E16440005405D /* Products */ = {
			isa = PBXGroup;
			children = (
				56ECC7FC2A8E16440005405D /* Weather.app */,
			);
			name = Products;
			sourceTree = "<group>";
		};
		56ECC7FE2A8E16440005405D /* OpenWeatherApp */ = {
			isa = PBXGroup;
			children = (
				56ECC80F2A8F721E0005405D /* ViewModels */,
				56ECC80E2A8F72130005405D /* Models */,
				56ECC80D2A8F72030005405D /* Views */,
				56ECC7FF2A8E16440005405D /* OpenWeatherAppApp.swift */,
				56ECC8032A8E16450005405D /* Assets.xcassets */,
				56ECC8052A8E16450005405D /* Preview Content */,
			);
			path = OpenWeatherApp;
			sourceTree = "<group>";
		};
		56ECC8052A8E16450005405D /* Preview Content */ = {
			isa = PBXGroup;
			children = (
				56ECC8062A8E16450005405D /* Preview Assets.xcassets */,
			);
			path = "Preview Content";
			sourceTree = "<group>";
		};
		56ECC80D2A8F72030005405D /* Views */ = {
			isa = PBXGroup;
			children = (
				56ECC8012A8E16440005405D /* WeatherView.swift */,
			);
			path = Views;
			sourceTree = "<group>";
		};
		56ECC80E2A8F72130005405D /* Models */ = {
			isa = PBXGroup;
			children = (
				56ECC81F2A8FE3F70005405D /* Forecast.swift */,
				56ECC81D2A8FE3830005405D /* Main.swift */,
				56ECC81B2A8FE3770005405D /* Wind.swift */,
				56ECC8192A8FE3510005405D /* Weather.swift */,
				56ECC8272A90CDB60005405D /* Sys.swift */,
				56ECC8252A9012310005405D /* Units.swift */,
			);
			path = Models;
			sourceTree = "<group>";
		};
		56ECC80F2A8F721E0005405D /* ViewModels */ = {
			isa = PBXGroup;
			children = (
				56ECC8232A8FE5C70005405D /* ForecastViewModel.swift */,
			);
			path = ViewModels;
			sourceTree = "<group>";
		};
/* End PBXGroup section */

/* Begin PBXNativeTarget section */
		56ECC7FB2A8E16440005405D /* Weather */ = {
			isa = PBXNativeTarget;
			buildConfigurationList = 56ECC80A2A8E16450005405D /* Build configuration list for PBXNativeTarget "Weather" */;
			buildPhases = (
				56ECC7F82A8E16440005405D /* Sources */,
				56ECC7F92A8E16440005405D /* Frameworks */,
				56ECC7FA2A8E16440005405D /* Resources */,
			);
			buildRules = (
			);
			dependencies = (
			);
			name = Weather;
			packageProductDependencies = (
			);
			productName = OpenWeatherApp;
			productReference = 56ECC7FC2A8E16440005405D /* Weather.app */;
			productType = "com.apple.product-type.application";
		};
/* End PBXNativeTarget section */

/* Begin PBXProject section */
		56ECC7F42A8E16440005405D /* Project object */ = {
			isa = PBXProject;
			attributes = {
				BuildIndependentTargetsInParallel = 1;
				LastSwiftUpdateCheck = 1430;
				LastUpgradeCheck = 1430;
				TargetAttributes = {
					56ECC7FB2A8E16440005405D = {
						CreatedOnToolsVersion = 14.3.1;
					};
				};
			};
			buildConfigurationList = 56ECC7F72A8E16440005405D /* Build configuration list for PBXProject "OpenWeatherApp" */;
			compatibilityVersion = "Xcode 14.0";
			developmentRegion = en;
			hasScannedForEncodings = 0;
			knownRegions = (
				en,
				Base,
			);
			mainGroup = 56ECC7F32A8E16440005405D;
			packageReferences = (
			);
			productRefGroup = 56ECC7FD2A8E16440005405D /* Products */;
			projectDirPath = "";
			projectRoot = "";
			targets = (
				56ECC7FB2A8E16440005405D /* Weather */,
			);
		};
/* End PBXProject section */

/* Begin PBXResourcesBuildPhase section */
		56ECC7FA2A8E16440005405D /* Resources */ = {
			isa = PBXResourcesBuildPhase;
			buildActionMask = 2147483647;
			files = (
				56ECC8072A8E16450005405D /* Preview Assets.xcassets in Resources */,
				56ECC8042A8E16450005405D /* Assets.xcassets in Resources */,
			);
			runOnlyForDeploymentPostprocessing = 0;
		};
/* End PBXResourcesBuildPhase section */

/* Begin PBXSourcesBuildPhase section */
		56ECC7F82A8E16440005405D /* Sources */ = {
			isa = PBXSourcesBuildPhase;
			buildActionMask = 2147483647;
			files = (
				56ECC81E2A8FE3830005405D /* Main.swift in Sources */,
				56ECC8262A9012310005405D /* Units.swift in Sources */,
				56ECC8022A8E16440005405D /* WeatherView.swift in Sources */,
				56ECC81A2A8FE3510005405D /* Weather.swift in Sources */,
				56ECC8242A8FE5C70005405D /* ForecastViewModel.swift in Sources */,
				56ECC8002A8E16440005405D /* OpenWeatherAppApp.swift in Sources */,
				56ECC8202A8FE3F70005405D /* Forecast.swift in Sources */,
				56ECC81C2A8FE3770005405D /* Wind.swift in Sources */,
				56ECC8282A90CDB60005405D /* Sys.swift in Sources */,
			);
			runOnlyForDeploymentPostprocessing = 0;
		};
/* End PBXSourcesBuildPhase section */

/* Begin XCBuildConfiguration section */
		56ECC8082A8E16450005405D /* Debug */ = {
			isa = XCBuildConfiguration;
			buildSettings = {
				ALWAYS_SEARCH_USER_PATHS = NO;
				CLANG_ANALYZER_NONNULL = YES;
				CLANG_ANALYZER_NUMBER_OBJECT_CONVERSION = YES_AGGRESSIVE;
				CLANG_CXX_LANGUAGE_STANDARD = "gnu++20";
				CLANG_ENABLE_MODULES = YES;
				CLANG_ENABLE_OBJC_ARC = YES;
				CLANG_ENABLE_OBJC_WEAK = YES;
				CLANG_WARN_BLOCK_CAPTURE_AUTORELEASING = YES;
				CLANG_WARN_BOOL_CONVERSION = YES;
				CLANG_WARN_COMMA = YES;
				CLANG_WARN_CONSTANT_CONVERSION = YES;
				CLANG_WARN_DEPRECATED_OBJC_IMPLEMENTATIONS = YES;
				CLANG_WARN_DIRECT_OBJC_ISA_USAGE = YES_ERROR;
				CLANG_WARN_DOCUMENTATION_COMMENTS = YES;
				CLANG_WARN_EMPTY_BODY = YES;
				CLANG_WARN_ENUM_CONVERSION = YES;
				CLANG_WARN_INFINITE_RECURSION = YES;
				CLANG_WARN_INT_CONVERSION = YES;
				CLANG_WARN_NON_LITERAL_NULL_CONVERSION = YES;
				CLANG_WARN_OBJC_IMPLICIT_RETAIN_SELF = YES;
				CLANG_WARN_OBJC_LITERAL_CONVERSION = YES;
				CLANG_WARN_OBJC_ROOT_CLASS = YES_ERROR;
				CLANG_WARN_QUOTED_INCLUDE_IN_FRAMEWORK_HEADER = YES;
				CLANG_WARN_RANGE_LOOP_ANALYSIS = YES;
				CLANG_WARN_STRICT_PROTOTYPES = YES;
				CLANG_WARN_SUSPICIOUS_MOVE = YES;
				CLANG_WARN_UNGUARDED_AVAILABILITY = YES_AGGRESSIVE;
				CLANG_WARN_UNREACHABLE_CODE = YES;
				CLANG_WARN__DUPLICATE_METHOD_MATCH = YES;
				COPY_PHASE_STRIP = NO;
				DEBUG_INFORMATION_FORMAT = dwarf;
				ENABLE_STRICT_OBJC_MSGSEND = YES;
				ENABLE_TESTABILITY = YES;
				GCC_C_LANGUAGE_STANDARD = gnu11;
				GCC_DYNAMIC_NO_PIC = NO;
				GCC_NO_COMMON_BLOCKS = YES;
				GCC_OPTIMIZATION_LEVEL = 0;
				GCC_PREPROCESSOR_DEFINITIONS = (
					"DEBUG=1",
					"$(inherited)",
				);
				GCC_WARN_64_TO_32_BIT_CONVERSION = YES;
				GCC_WARN_ABOUT_RETURN_TYPE = YES_ERROR;
				GCC_WARN_UNDECLARED_SELECTOR = YES;
				GCC_WARN_UNINITIALIZED_AUTOS = YES_AGGRESSIVE;
				GCC_WARN_UNUSED_FUNCTION = YES;
				GCC_WARN_UNUSED_VARIABLE = YES;
				IPHONEOS_DEPLOYMENT_TARGET = 16.4;
				MTL_ENABLE_DEBUG_INFO = INCLUDE_SOURCE;
				MTL_FAST_MATH = YES;
				ONLY_ACTIVE_ARCH = YES;
				SDKROOT = iphoneos;
				SWIFT_ACTIVE_COMPILATION_CONDITIONS = DEBUG;
				SWIFT_OPTIMIZATION_LEVEL = "-Onone";
			};
			name = Debug;
		};
		56ECC8092A8E16450005405D /* Release */ = {
			isa = XCBuildConfiguration;
			buildSettings = {
				ALWAYS_SEARCH_USER_PATHS = NO;
				CLANG_ANALYZER_NONNULL = YES;
				CLANG_ANALYZER_NUMBER_OBJECT_CONVERSION = YES_AGGRESSIVE;
				CLANG_CXX_LANGUAGE_STANDARD = "gnu++20";
				CLANG_ENABLE_MODULES = YES;
				CLANG_ENABLE_OBJC_ARC = YES;
				CLANG_ENABLE_OBJC_WEAK = YES;
				CLANG_WARN_BLOCK_CAPTURE_AUTORELEASING = YES;
				CLANG_WARN_BOOL_CONVERSION = YES;
				CLANG_WARN_COMMA = YES;
				CLANG_WARN_CONSTANT_CONVERSION = YES;
				CLANG_WARN_DEPRECATED_OBJC_IMPLEMENTATIONS = YES;
				CLANG_WARN_DIRECT_OBJC_ISA_USAGE = YES_ERROR;
				CLANG_WARN_DOCUMENTATION_COMMENTS = YES;
				CLANG_WARN_EMPTY_BODY = YES;
				CLANG_WARN_ENUM_CONVERSION = YES;
				CLANG_WARN_INFINITE_RECURSION = YES;
				CLANG_WARN_INT_CONVERSION = YES;
				CLANG_WARN_NON_LITERAL_NULL_CONVERSION = YES;
				CLANG_WARN_OBJC_IMPLICIT_RETAIN_SELF = YES;
				CLANG_WARN_OBJC_LITERAL_CONVERSION = YES;
				CLANG_WARN_OBJC_ROOT_CLASS = YES_ERROR;
				CLANG_WARN_QUOTED_INCLUDE_IN_FRAMEWORK_HEADER = YES;
				CLANG_WARN_RANGE_LOOP_ANALYSIS = YES;
				CLANG_WARN_STRICT_PROTOTYPES = YES;
				CLANG_WARN_SUSPICIOUS_MOVE = YES;
				CLANG_WARN_UNGUARDED_AVAILABILITY = YES_AGGRESSIVE;
				CLANG_WARN_UNREACHABLE_CODE = YES;
				CLANG_WARN__DUPLICATE_METHOD_MATCH = YES;
				COPY_PHASE_STRIP = NO;
				DEBUG_INFORMATION_FORMAT = "dwarf-with-dsym";
				ENABLE_NS_ASSERTIONS = NO;
				ENABLE_STRICT_OBJC_MSGSEND = YES;
				GCC_C_LANGUAGE_STANDARD = gnu11;
				GCC_NO_COMMON_BLOCKS = YES;
				GCC_WARN_64_TO_32_BIT_CONVERSION = YES;
				GCC_WARN_ABOUT_RETURN_TYPE = YES_ERROR;
				GCC_WARN_UNDECLARED_SELECTOR = YES;
				GCC_WARN_UNINITIALIZED_AUTOS = YES_AGGRESSIVE;
				GCC_WARN_UNUSED_FUNCTION = YES;
				GCC_WARN_UNUSED_VARIABLE = YES;
				IPHONEOS_DEPLOYMENT_TARGET = 16.4;
				MTL_ENABLE_DEBUG_INFO = NO;
				MTL_FAST_MATH = YES;
				SDKROOT = iphoneos;
				SWIFT_COMPILATION_MODE = wholemodule;
				SWIFT_OPTIMIZATION_LEVEL = "-O";
				VALIDATE_PRODUCT = YES;
			};
			name = Release;
		};
		56ECC80B2A8E16450005405D /* Debug */ = {
			isa = XCBuildConfiguration;
			buildSettings = {
				ASSETCATALOG_COMPILER_APPICON_NAME = AppIcon;
				ASSETCATALOG_COMPILER_GLOBAL_ACCENT_COLOR_NAME = AccentColor;
				CODE_SIGN_STYLE = Automatic;
				CURRENT_PROJECT_VERSION = 1;
				DEVELOPMENT_ASSET_PATHS = "\"OpenWeatherApp/Preview Content\"";
				DEVELOPMENT_TEAM = X3N8M88DFJ;
				ENABLE_PREVIEWS = YES;
				GENERATE_INFOPLIST_FILE = YES;
				INFOPLIST_KEY_UIApplicationSceneManifest_Generation = YES;
				INFOPLIST_KEY_UIApplicationSupportsIndirectInputEvents = YES;
				INFOPLIST_KEY_UILaunchScreen_Generation = YES;
				INFOPLIST_KEY_UISupportedInterfaceOrientations_iPad = "UIInterfaceOrientationPortrait UIInterfaceOrientationPortraitUpsideDown UIInterfaceOrientationLandscapeLeft UIInterfaceOrientationLandscapeRight";
				INFOPLIST_KEY_UISupportedInterfaceOrientations_iPhone = "UIInterfaceOrientationPortrait UIInterfaceOrientationLandscapeLeft UIInterfaceOrientationLandscapeRight";
				LD_RUNPATH_SEARCH_PATHS = (
					"$(inherited)",
					"@executable_path/Frameworks",
				);
				MARKETING_VERSION = 1.0;
				PRODUCT_BUNDLE_IDENTIFIER = Academy.OpenWeatherApp;
				PRODUCT_NAME = "$(TARGET_NAME)";
				SWIFT_EMIT_LOC_STRINGS = YES;
				SWIFT_VERSION = 5.0;
				TARGETED_DEVICE_FAMILY = "1,2";
			};
			name = Debug;
		};
		56ECC80C2A8E16450005405D /* Release */ = {
			isa = XCBuildConfiguration;
			buildSettings = {
				ASSETCATALOG_COMPILER_APPICON_NAME = AppIcon;
				ASSETCATALOG_COMPILER_GLOBAL_ACCENT_COLOR_NAME = AccentColor;
				CODE_SIGN_STYLE = Automatic;
				CURRENT_PROJECT_VERSION = 1;
				DEVELOPMENT_ASSET_PATHS = "\"OpenWeatherApp/Preview Content\"";
				DEVELOPMENT_TEAM = X3N8M88DFJ;
				ENABLE_PREVIEWS = YES;
				GENERATE_INFOPLIST_FILE = YES;
				INFOPLIST_KEY_UIApplicationSceneManifest_Generation = YES;
				INFOPLIST_KEY_UIApplicationSupportsIndirectInputEvents = YES;
				INFOPLIST_KEY_UILaunchScreen_Generation = YES;
				INFOPLIST_KEY_UISupportedInterfaceOrientations_iPad = "UIInterfaceOrientationPortrait UIInterfaceOrientationPortraitUpsideDown UIInterfaceOrientationLandscapeLeft UIInterfaceOrientationLandscapeRight";
				INFOPLIST_KEY_UISupportedInterfaceOrientations_iPhone = "UIInterfaceOrientationPortrait UIInterfaceOrientationLandscapeLeft UIInterfaceOrientationLandscapeRight";
				LD_RUNPATH_SEARCH_PATHS = (
					"$(inherited)",
					"@executable_path/Frameworks",
				);
				MARKETING_VERSION = 1.0;
				PRODUCT_BUNDLE_IDENTIFIER = Academy.OpenWeatherApp;
				PRODUCT_NAME = "$(TARGET_NAME)";
				SWIFT_EMIT_LOC_STRINGS = YES;
				SWIFT_VERSION = 5.0;
				TARGETED_DEVICE_FAMILY = "1,2";
			};
			name = Release;
		};
/* End XCBuildConfiguration section */

/* Begin XCConfigurationList section */
		56ECC7F72A8E16440005405D /* Build configuration list for PBXProject "OpenWeatherApp" */ = {
			isa = XCConfigurationList;
			buildConfigurations = (
				56ECC8082A8E16450005405D /* Debug */,
				56ECC8092A8E16450005405D /* Release */,
			);
			defaultConfigurationIsVisible = 0;
			defaultConfigurationName = Release;
		};
		56ECC80A2A8E16450005405D /* Build configuration list for PBXNativeTarget "Weather" */ = {
			isa = XCConfigurationList;
			buildConfigurations = (
				56ECC80B2A8E16450005405D /* Debug */,
				56ECC80C2A8E16450005405D /* Release */,
			);
			defaultConfigurationIsVisible = 0;
			defaultConfigurationName = Release;
		};
/* End XCConfigurationList section */
	};
	rootObject = 56ECC7F42A8E16440005405D /* Project object */;
}
